
Microsoft Visual Studio Solution File, Format Version 12.00
# Visual Studio Version 17
VisualStudioVersion = 17.8.34511.84
MinimumVisualStudioVersion = 10.0.40219.1
Project("{FAE04EC0-301F-11D3-BF4B-00C04F79EFBC}") = "Lab8ControlNotas", "Lab8ControlNotas.csproj", "{58CA3C02-9DA0-4817-A458-2047BB963FE2}"
EndProject
Global
	GlobalSection(SolutionConfigurationPlatforms) = preSolution
		Debug|Any CPU = Debug|Any CPU
		Release|Any CPU = Release|Any CPU
	EndGlobalSection
	GlobalSection(ProjectConfigurationPlatforms) = postSolution
		{58CA3C02-9DA0-4817-A458-2047BB963FE2}.Debug|Any CPU.ActiveCfg = Debug|Any CPU
		{58CA3C02-9DA0-4817-A458-2047BB963FE2}.Debug|Any CPU.Build.0 = Debug|Any CPU
		{58CA3C02-9DA0-4817-A458-2047BB963FE2}.Release|Any CPU.ActiveCfg = Release|Any CPU
		{58CA3C02-9DA0-4817-A458-2047BB963FE2}.Release|Any CPU.Build.0 = Release|Any CPU
	EndGlobalSection
	GlobalSection(SolutionProperties) = preSolution
		HideSolutionNode = FALSE
	EndGlobalSection
	GlobalSection(ExtensibilityGlobals) = postSolution
		SolutionGuid = {C7B19A4D-56D9-4107-ADF3-9DED77205A8A}
	EndGlobalSection
EndGlobal
